
Microsoft Visual Studio Solution File, Format Version 12.00
# Visual Studio Version 17
VisualStudioVersion = 17.4.33103.184
MinimumVisualStudioVersion = 10.0.40219.1
Project("{FAE04EC0-301F-11D3-BF4B-00C04F79EFBC}") = "PluginsExample", "PluginsExample\PluginsExample.csproj", "{D82B65E9-7E8C-4E13-8FE8-0ABD351C3DE4}"
EndProject
Project("{FAE04EC0-301F-11D3-BF4B-00C04F79EFBC}") = "Plugin1", "Plugin1\Plugin1.csproj", "{CC37857C-5F78-4C87-A147-484D210641F2}"
EndProject
Project("{FAE04EC0-301F-11D3-BF4B-00C04F79EFBC}") = "Plugin2", "Plugin2\Plugin2.csproj", "{79F14E50-FDA6-4427-AFD2-E755B4F1D099}"
EndProject
Global
	GlobalSection(SolutionConfigurationPlatforms) = preSolution
		Debug|Any CPU = Debug|Any CPU
		Release|Any CPU = Release|Any CPU
	EndGlobalSection
	GlobalSection(ProjectConfigurationPlatforms) = postSolution
		{D82B65E9-7E8C-4E13-8FE8-0ABD351C3DE4}.Debug|Any CPU.ActiveCfg = Debug|Any CPU
		{D82B65E9-7E8C-4E13-8FE8-0ABD351C3DE4}.Debug|Any CPU.Build.0 = Debug|Any CPU
		{D82B65E9-7E8C-4E13-8FE8-0ABD351C3DE4}.Release|Any CPU.ActiveCfg = Release|Any CPU
		{D82B65E9-7E8C-4E13-8FE8-0ABD351C3DE4}.Release|Any CPU.Build.0 = Release|Any CPU
		{CC37857C-5F78-4C87-A147-484D210641F2}.Debug|Any CPU.ActiveCfg = Debug|Any CPU
		{CC37857C-5F78-4C87-A147-484D210641F2}.Debug|Any CPU.Build.0 = Debug|Any CPU
		{CC37857C-5F78-4C87-A147-484D210641F2}.Release|Any CPU.ActiveCfg = Release|Any CPU
		{CC37857C-5F78-4C87-A147-484D210641F2}.Release|Any CPU.Build.0 = Release|Any CPU
		{79F14E50-FDA6-4427-AFD2-E755B4F1D099}.Debug|Any CPU.ActiveCfg = Debug|Any CPU
		{79F14E50-FDA6-4427-AFD2-E755B4F1D099}.Debug|Any CPU.Build.0 = Debug|Any CPU
		{79F14E50-FDA6-4427-AFD2-E755B4F1D099}.Release|Any CPU.ActiveCfg = Release|Any CPU
		{79F14E50-FDA6-4427-AFD2-E755B4F1D099}.Release|Any CPU.Build.0 = Release|Any CPU
	EndGlobalSection
	GlobalSection(SolutionProperties) = preSolution
		HideSolutionNode = FALSE
	EndGlobalSection
	GlobalSection(ExtensibilityGlobals) = postSolution
		SolutionGuid = {80C3176E-F115-4C43-BBBE-0C90509B35E2}
	EndGlobalSection
EndGlobal
